// !$*UTF8*$!
{
	archiveVersion = 1;
	classes = {
	};
	objectVersion = 46;
	objects = {

/* Begin PBXBuildFile section */
		91D4EDBC1ACC2E7100BE7922 /* main.m in Sources */ = {isa = PBXBuildFile; fileRef = 91D4EDBB1ACC2E7100BE7922 /* main.m */; };
		91D4EDBF1ACC2E7100BE7922 /* AppDelegate.m in Sources */ = {isa = PBXBuildFile; fileRef = 91D4EDBE1ACC2E7100BE7922 /* AppDelegate.m */; };
		91D4EDC21ACC2E7100BE7922 /* ViewController.m in Sources */ = {isa = PBXBuildFile; fileRef = 91D4EDC11ACC2E7100BE7922 /* ViewController.m */; };
		91D4EDC51ACC2E7100BE7922 /* Main.storyboard in Resources */ = {isa = PBXBuildFile; fileRef = 91D4EDC31ACC2E7100BE7922 /* Main.storyboard */; };
		91D4EDC71ACC2E7100BE7922 /* Images.xcassets in Resources */ = {isa = PBXBuildFile; fileRef = 91D4EDC61ACC2E7100BE7922 /* Images.xcassets */; };
		91D4EDCA1ACC2E7100BE7922 /* LaunchScreen.xib in Resources */ = {isa = PBXBuildFile; fileRef = 91D4EDC81ACC2E7100BE7922 /* LaunchScreen.xib */; };
		91D4EDD61ACC2E7100BE7922 /* GCDTests.m in Sources */ = {isa = PBXBuildFile; fileRef = 91D4EDD51ACC2E7100BE7922 /* GCDTests.m */; };
/* End PBXBuildFile section */

/* Begin PBXContainerItemProxy section */
		91D4EDD01ACC2E7100BE7922 /* PBXContainerItemProxy */ = {
			isa = PBXContainerItemProxy;
			containerPortal = 91D4EDAE1ACC2E7100BE7922 /* Project object */;
			proxyType = 1;
			remoteGlobalIDString = 91D4EDB51ACC2E7100BE7922;
			remoteInfo = GCD;
		};
/* End PBXContainerItemProxy section */

/* Begin PBXFileReference section */
		91D4EDB61ACC2E7100BE7922 /* GCD.app */ = {isa = PBXFileReference; explicitFileType = wrapper.application; includeInIndex = 0; path = GCD.app; sourceTree = BUILT_PRODUCTS_DIR; };
		91D4EDBA1ACC2E7100BE7922 /* Info.plist */ = {isa = PBXFileReference; lastKnownFileType = text.plist.xml; path = Info.plist; sourceTree = "<group>"; };
		91D4EDBB1ACC2E7100BE7922 /* main.m */ = {isa = PBXFileReference; lastKnownFileType = sourcecode.c.objc; path = main.m; sourceTree = "<group>"; };
		91D4EDBD1ACC2E7100BE7922 /* AppDelegate.h */ = {isa = PBXFileReference; lastKnownFileType = sourcecode.c.h; path = AppDelegate.h; sourceTree = "<group>"; };
		91D4EDBE1ACC2E7100BE7922 /* AppDelegate.m */ = {isa = PBXFileReference; lastKnownFileType = sourcecode.c.objc; path = AppDelegate.m; sourceTree = "<group>"; };
		91D4EDC01ACC2E7100BE7922 /* ViewController.h */ = {isa = PBXFileReference; lastKnownFileType = sourcecode.c.h; path = ViewController.h; sourceTree = "<group>"; };
		91D4EDC11ACC2E7100BE7922 /* ViewController.m */ = {isa = PBXFileReference; lastKnownFileType = sourcecode.c.objc; path = ViewController.m; sourceTree = "<group>"; };
		91D4EDC41ACC2E7100BE7922 /* Base */ = {isa = PBXFileReference; lastKnownFileType = file.storyboard; name = Base; path = Base.lproj/Main.storyboard; sourceTree = "<group>"; };
		91D4EDC61ACC2E7100BE7922 /* Images.xcassets */ = {isa = PBXFileReference; lastKnownFileType = folder.assetcatalog; path = Images.xcassets; sourceTree = "<group>"; };
		91D4EDC91ACC2E7100BE7922 /* Base */ = {isa = PBXFileReference; lastKnownFileType = file.xib; name = Base; path = Base.lproj/LaunchScreen.xib; sourceTree = "<group>"; };
		91D4EDCF1ACC2E7100BE7922 /* GCDTests.xctest */ = {isa = PBXFileReference; explicitFileType = wrapper.cfbundle; includeInIndex = 0; path = GCDTests.xctest; sourceTree = BUILT_PRODUCTS_DIR; };
		91D4EDD41ACC2E7100BE7922 /* Info.plist */ = {isa = PBXFileReference; lastKnownFileType = text.plist.xml; path = Info.plist; sourceTree = "<group>"; };
		91D4EDD51ACC2E7100BE7922 /* GCDTests.m */ = {isa = PBXFileReference; lastKnownFileType = sourcecode.c.objc; path = GCDTests.m; sourceTree = "<group>"; };
/* End PBXFileReference section */

/* Begin PBXFrameworksBuildPhase section */
		91D4EDB31ACC2E7100BE7922 /* Frameworks */ = {
			isa = PBXFrameworksBuildPhase;
			buildActionMask = 2147483647;
			files = (
			);
			runOnlyForDeploymentPostprocessing = 0;
		};
		91D4EDCC1ACC2E7100BE7922 /* Frameworks */ = {
			isa = PBXFrameworksBuildPhase;
			buildActionMask = 2147483647;
			files = (
			);
			runOnlyForDeploymentPostprocessing = 0;
		};
/* End PBXFrameworksBuildPhase section */

/* Begin PBXGroup section */
		91D4EDAD1ACC2E7100BE7922 = {
			isa = PBXGroup;
			children = (
				91D4EDB81ACC2E7100BE7922 /* GCD */,
				91D4EDD21ACC2E7100BE7922 /* GCDTests */,
				91D4EDB71ACC2E7100BE7922 /* Products */,
			);
			sourceTree = "<group>";
		};
		91D4EDB71ACC2E7100BE7922 /* Products */ = {
			isa = PBXGroup;
			children = (
				91D4EDB61ACC2E7100BE7922 /* GCD.app */,
				91D4EDCF1ACC2E7100BE7922 /* GCDTests.xctest */,
			);
			name = Products;
			sourceTree = "<group>";
		};
		91D4EDB81ACC2E7100BE7922 /* GCD */ = {
			isa = PBXGroup;
			children = (
				91D4EDBD1ACC2E7100BE7922 /* AppDelegate.h */,
				91D4EDBE1ACC2E7100BE7922 /* AppDelegate.m */,
				91D4EDC01ACC2E7100BE7922 /* ViewController.h */,
				91D4EDC11ACC2E7100BE7922 /* ViewController.m */,
				91D4EDC31ACC2E7100BE7922 /* Main.storyboard */,
				91D4EDC61ACC2E7100BE7922 /* Images.xcassets */,
				91D4EDC81ACC2E7100BE7922 /* LaunchScreen.xib */,
				91D4EDB91ACC2E7100BE7922 /* Supporting Files */,
			);
			path = GCD;
			sourceTree = "<group>";
		};
		91D4EDB91ACC2E7100BE7922 /* Supporting Files */ = {
			isa = PBXGroup;
			children = (
				91D4EDBA1ACC2E7100BE7922 /* Info.plist */,
				91D4EDBB1ACC2E7100BE7922 /* main.m */,
			);
			name = "Supporting Files";
			sourceTree = "<group>";
		};
		91D4EDD21ACC2E7100BE7922 /* GCDTests */ = {
			isa = PBXGroup;
			children = (
				91D4EDD51ACC2E7100BE7922 /* GCDTests.m */,
				91D4EDD31ACC2E7100BE7922 /* Supporting Files */,
			);
			path = GCDTests;
			sourceTree = "<group>";
		};
		91D4EDD31ACC2E7100BE7922 /* Supporting Files */ = {
			isa = PBXGroup;
			children = (
				91D4EDD41ACC2E7100BE7922 /* Info.plist */,
			);
			name = "Supporting Files";
			sourceTree = "<group>";
		};
/* End PBXGroup section */

/* Begin PBXNativeTarget section */
		91D4EDB51ACC2E7100BE7922 /* GCD */ = {
			isa = PBXNativeTarget;
			buildConfigurationList = 91D4EDD91ACC2E7100BE7922 /* Build configuration list for PBXNativeTarget "GCD" */;
			buildPhases = (
				91D4EDB21ACC2E7100BE7922 /* Sources */,
				91D4EDB31ACC2E7100BE7922 /* Frameworks */,
				91D4EDB41ACC2E7100BE7922 /* Resources */,
			);
			buildRules = (
			);
			dependencies = (
			);
			name = GCD;
			productName = GCD;
			productReference = 91D4EDB61ACC2E7100BE7922 /* GCD.app */;
			productType = "com.apple.product-type.application";
		};
		91D4EDCE1ACC2E7100BE7922 /* GCDTests */ = {
			isa = PBXNativeTarget;
			buildConfigurationList = 91D4EDDC1ACC2E7100BE7922 /* Build configuration list for PBXNativeTarget "GCDTests" */;
			buildPhases = (
				91D4EDCB1ACC2E7100BE7922 /* Sources */,
				91D4EDCC1ACC2E7100BE7922 /* Frameworks */,
				91D4EDCD1ACC2E7100BE7922 /* Resources */,
			);
			buildRules = (
			);
			dependencies = (
				91D4EDD11ACC2E7100BE7922 /* PBXTargetDependency */,
			);
			name = GCDTests;
			productName = GCDTests;
			productReference = 91D4EDCF1ACC2E7100BE7922 /* GCDTests.xctest */;
			productType = "com.apple.product-type.bundle.unit-test";
		};
/* End PBXNativeTarget section */

/* Begin PBXProject section */
		91D4EDAE1ACC2E7100BE7922 /* Project object */ = {
			isa = PBXProject;
			attributes = {
				LastUpgradeCheck = 0620;
				ORGANIZATIONNAME = "Gawker Media";
				TargetAttributes = {
					91D4EDB51ACC2E7100BE7922 = {
						CreatedOnToolsVersion = 6.2;
					};
					91D4EDCE1ACC2E7100BE7922 = {
						CreatedOnToolsVersion = 6.2;
						TestTargetID = 91D4EDB51ACC2E7100BE7922;
					};
				};
			};
			buildConfigurationList = 91D4EDB11ACC2E7100BE7922 /* Build configuration list for PBXProject "GCD" */;
			compatibilityVersion = "Xcode 3.2";
			developmentRegion = English;
			hasScannedForEncodings = 0;
			knownRegions = (
				en,
				Base,
			);
			mainGroup = 91D4EDAD1ACC2E7100BE7922;
			productRefGroup = 91D4EDB71ACC2E7100BE7922 /* Products */;
			projectDirPath = "";
			projectRoot = "";
			targets = (
				91D4EDB51ACC2E7100BE7922 /* GCD */,
				91D4EDCE1ACC2E7100BE7922 /* GCDTests */,
			);
		};
/* End PBXProject section */

/* Begin PBXResourcesBuildPhase section */
		91D4EDB41ACC2E7100BE7922 /* Resources */ = {
			isa = PBXResourcesBuildPhase;
			buildActionMask = 2147483647;
			files = (
				91D4EDC51ACC2E7100BE7922 /* Main.storyboard in Resources */,
				91D4EDCA1ACC2E7100BE7922 /* LaunchScreen.xib in Resources */,
				91D4EDC71ACC2E7100BE7922 /* Images.xcassets in Resources */,
			);
			runOnlyForDeploymentPostprocessing = 0;
		};
		91D4EDCD1ACC2E7100BE7922 /* Resources */ = {
			isa = PBXResourcesBuildPhase;
			buildActionMask = 2147483647;
			files = (
			);
			runOnlyForDeploymentPostprocessing = 0;
		};
/* End PBXResourcesBuildPhase section */

/* Begin PBXSourcesBuildPhase section */
		91D4EDB21ACC2E7100BE7922 /* Sources */ = {
			isa = PBXSourcesBuildPhase;
			buildActionMask = 2147483647;
			files = (
				91D4EDC21ACC2E7100BE7922 /* ViewController.m in Sources */,
				91D4EDBF1ACC2E7100BE7922 /* AppDelegate.m in Sources */,
				91D4EDBC1ACC2E7100BE7922 /* main.m in Sources */,
			);
			runOnlyForDeploymentPostprocessing = 0;
		};
		91D4EDCB1ACC2E7100BE7922 /* Sources */ = {
			isa = PBXSourcesBuildPhase;
			buildActionMask = 2147483647;
			files = (
				91D4EDD61ACC2E7100BE7922 /* GCDTests.m in Sources */,
			);
			runOnlyForDeploymentPostprocessing = 0;
		};
/* End PBXSourcesBuildPhase section */

/* Begin PBXTargetDependency section */
		91D4EDD11ACC2E7100BE7922 /* PBXTargetDependency */ = {
			isa = PBXTargetDependency;
			target = 91D4EDB51ACC2E7100BE7922 /* GCD */;
			targetProxy = 91D4EDD01ACC2E7100BE7922 /* PBXContainerItemProxy */;
		};
/* End PBXTargetDependency section */

/* Begin PBXVariantGroup section */
		91D4EDC31ACC2E7100BE7922 /* Main.storyboard */ = {
			isa = PBXVariantGroup;
			children = (
				91D4EDC41ACC2E7100BE7922 /* Base */,
			);
			name = Main.storyboard;
			sourceTree = "<group>";
		};
		91D4EDC81ACC2E7100BE7922 /* LaunchScreen.xib */ = {
			isa = PBXVariantGroup;
			children = (
				91D4EDC91ACC2E7100BE7922 /* Base */,
			);
			name = LaunchScreen.xib;
			sourceTree = "<group>";
		};
/* End PBXVariantGroup section */

/* Begin XCBuildConfiguration section */
		91D4EDD71ACC2E7100BE7922 /* Debug */ = {
			isa = XCBuildConfiguration;
			buildSettings = {
				ALWAYS_SEARCH_USER_PATHS = NO;
				CLANG_CXX_LANGUAGE_STANDARD = "gnu++0x";
				CLANG_CXX_LIBRARY = "libc++";
				CLANG_ENABLE_MODULES = YES;
				CLANG_ENABLE_OBJC_ARC = YES;
				CLANG_WARN_BOOL_CONVERSION = YES;
				CLANG_WARN_CONSTANT_CONVERSION = YES;
				CLANG_WARN_DIRECT_OBJC_ISA_USAGE = YES_ERROR;
				CLANG_WARN_EMPTY_BODY = YES;
				CLANG_WARN_ENUM_CONVERSION = YES;
				CLANG_WARN_INT_CONVERSION = YES;
				CLANG_WARN_OBJC_ROOT_CLASS = YES_ERROR;
				CLANG_WARN_UNREACHABLE_CODE = YES;
				CLANG_WARN__DUPLICATE_METHOD_MATCH = YES;
				"CODE_SIGN_IDENTITY[sdk=iphoneos*]" = "iPhone Developer";
				COPY_PHASE_STRIP = NO;
				ENABLE_STRICT_OBJC_MSGSEND = YES;
				GCC_C_LANGUAGE_STANDARD = gnu99;
				GCC_DYNAMIC_NO_PIC = NO;
				GCC_OPTIMIZATION_LEVEL = 0;
				GCC_PREPROCESSOR_DEFINITIONS = (
					"DEBUG=1",
					"$(inherited)",
				);
				GCC_SYMBOLS_PRIVATE_EXTERN = NO;
				GCC_WARN_64_TO_32_BIT_CONVERSION = YES;
				GCC_WARN_ABOUT_RETURN_TYPE = YES_ERROR;
				GCC_WARN_UNDECLARED_SELECTOR = YES;
				GCC_WARN_UNINITIALIZED_AUTOS = YES_AGGRESSIVE;
				GCC_WARN_UNUSED_FUNCTION = YES;
				GCC_WARN_UNUSED_VARIABLE = YES;
				IPHONEOS_DEPLOYMENT_TARGET = 8.2;
				MTL_ENABLE_DEBUG_INFO = YES;
				ONLY_ACTIVE_ARCH = YES;
				SDKROOT = iphoneos;
				TARGETED_DEVICE_FAMILY = "1,2";
			};
			name = Debug;
		};
		91D4EDD81ACC2E7100BE7922 /* Release */ = {
			isa = XCBuildConfiguration;
			buildSettings = {
				ALWAYS_SEARCH_USER_PATHS = NO;
				CLANG_CXX_LANGUAGE_STANDARD = "gnu++0x";
				CLANG_CXX_LIBRARY = "libc++";
				CLANG_ENABLE_MODULES = YES;
				CLANG_ENABLE_OBJC_ARC = YES;
				CLANG_WARN_BOOL_CONVERSION = YES;
				CLANG_WARN_CONSTANT_CONVERSION = YES;
				CLANG_WARN_DIRECT_OBJC_ISA_USAGE = YES_ERROR;
				CLANG_WARN_EMPTY_BODY = YES;
				CLANG_WARN_ENUM_CONVERSION = YES;
				CLANG_WARN_INT_CONVERSION = YES;
				CLANG_WARN_OBJC_ROOT_CLASS = YES_ERROR;
				CLANG_WARN_UNREACHABLE_CODE = YES;
				CLANG_WARN__DUPLICATE_METHOD_MATCH = YES;
				"CODE_SIGN_IDENTITY[sdk=iphoneos*]" = "iPhone Developer";
				COPY_PHASE_STRIP = NO;
				ENABLE_NS_ASSERTIONS = NO;
				ENABLE_STRICT_OBJC_MSGSEND = YES;
				GCC_C_LANGUAGE_STANDARD = gnu99;
				GCC_WARN_64_TO_32_BIT_CONVERSION = YES;
				GCC_WARN_ABOUT_RETURN_TYPE = YES_ERROR;
				GCC_WARN_UNDECLARED_SELECTOR = YES;
				GCC_WARN_UNINITIALIZED_AUTOS = YES_AGGRESSIVE;
				GCC_WARN_UNUSED_FUNCTION = YES;
				GCC_WARN_UNUSED_VARIABLE = YES;
				IPHONEOS_DEPLOYMENT_TARGET = 8.2;
				MTL_ENABLE_DEBUG_INFO = NO;
				SDKROOT = iphoneos;
				TARGETED_DEVICE_FAMILY = "1,2";
				VALIDATE_PRODUCT = YES;
			};
			name = Release;
		};
		91D4EDDA1ACC2E7100BE7922 /* Debug */ = {
			isa = XCBuildConfiguration;
			buildSettings = {
				ASSETCATALOG_COMPILER_APPICON_NAME = AppIcon;
				INFOPLIST_FILE = GCD/Info.plist;
				LD_RUNPATH_SEARCH_PATHS = "$(inherited) @executable_path/Frameworks";
				PRODUCT_NAME = "$(TARGET_NAME)";
			};
			name = Debug;
		};
		91D4EDDB1ACC2E7100BE7922 /* Release */ = {
			isa = XCBuildConfiguration;
			buildSettings = {
				ASSETCATALOG_COMPILER_APPICON_NAME = AppIcon;
				INFOPLIST_FILE = GCD/Info.plist;
				LD_RUNPATH_SEARCH_PATHS = "$(inherited) @executable_path/Frameworks";
				PRODUCT_NAME = "$(TARGET_NAME)";
			};
			name = Release;
		};
		91D4EDDD1ACC2E7100BE7922 /* Debug */ = {
			isa = XCBuildConfiguration;
			buildSettings = {
				BUNDLE_LOADER = "$(TEST_HOST)";
				FRAMEWORK_SEARCH_PATHS = (
					"$(SDKROOT)/Developer/Library/Frameworks",
					"$(inherited)",
				);
				GCC_PREPROCESSOR_DEFINITIONS = (
					"DEBUG=1",
					"$(inherited)",
				);
				INFOPLIST_FILE = GCDTests/Info.plist;
				LD_RUNPATH_SEARCH_PATHS = "$(inherited) @executable_path/Frameworks @loader_path/Frameworks";
				PRODUCT_NAME = "$(TARGET_NAME)";
				TEST_HOST = "$(BUILT_PRODUCTS_DIR)/GCD.app/GCD";
			};
			name = Debug;
		};
		91D4EDDE1ACC2E7100BE7922 /* Release */ = {
			isa = XCBuildConfiguration;
			buildSettings = {
				BUNDLE_LOADER = "$(TEST_HOST)";
				FRAMEWORK_SEARCH_PATHS = (
					"$(SDKROOT)/Developer/Library/Frameworks",
					"$(inherited)",
				);
				INFOPLIST_FILE = GCDTests/Info.plist;
				LD_RUNPATH_SEARCH_PATHS = "$(inherited) @executable_path/Frameworks @loader_path/Frameworks";
				PRODUCT_NAME = "$(TARGET_NAME)";
				TEST_HOST = "$(BUILT_PRODUCTS_DIR)/GCD.app/GCD";
			};
			name = Release;
		};
/* End XCBuildConfiguration section */

/* Begin XCConfigurationList section */
		91D4EDB11ACC2E7100BE7922 /* Build configuration list for PBXProject "GCD" */ = {
			isa = XCConfigurationList;
			buildConfigurations = (
				91D4EDD71ACC2E7100BE7922 /* Debug */,
				91D4EDD81ACC2E7100BE7922 /* Release */,
			);
			defaultConfigurationIsVisible = 0;
			defaultConfigurationName = Release;
		};
		91D4EDD91ACC2E7100BE7922 /* Build configuration list for PBXNativeTarget "GCD" */ = {
			isa = XCConfigurationList;
			buildConfigurations = (
				91D4EDDA1ACC2E7100BE7922 /* Debug */,
				91D4EDDB1ACC2E7100BE7922 /* Release */,
			);
			defaultConfigurationIsVisible = 0;
		};
		91D4EDDC1ACC2E7100BE7922 /* Build configuration list for PBXNativeTarget "GCDTests" */ = {
			isa = XCConfigurationList;
			buildConfigurations = (
				91D4EDDD1ACC2E7100BE7922 /* Debug */,
				91D4EDDE1ACC2E7100BE7922 /* Release */,
			);
			defaultConfigurationIsVisible = 0;
		};
/* End XCConfigurationList section */
	};
	rootObject = 91D4EDAE1ACC2E7100BE7922 /* Project object */;
}
