// !$*UTF8*$!
{
	archiveVersion = 1;
	classes = {
	};
	objectVersion = 46;
	objects = {

/* Begin PBXBuildFile section */
		9137ABF51ACB1F4A0002B1ED /* main.m in Sources */ = {isa = PBXBuildFile; fileRef = 9137ABF41ACB1F4A0002B1ED /* main.m */; };
		9137ABF81ACB1F4A0002B1ED /* AppDelegate.m in Sources */ = {isa = PBXBuildFile; fileRef = 9137ABF71ACB1F4A0002B1ED /* AppDelegate.m */; };
		9137ABFB1ACB1F4A0002B1ED /* ViewController.m in Sources */ = {isa = PBXBuildFile; fileRef = 9137ABFA1ACB1F4A0002B1ED /* ViewController.m */; };
		9137ABFE1ACB1F4A0002B1ED /* Main.storyboard in Resources */ = {isa = PBXBuildFile; fileRef = 9137ABFC1ACB1F4A0002B1ED /* Main.storyboard */; };
		9137AC001ACB1F4A0002B1ED /* Images.xcassets in Resources */ = {isa = PBXBuildFile; fileRef = 9137ABFF1ACB1F4A0002B1ED /* Images.xcassets */; };
		9137AC031ACB1F4A0002B1ED /* LaunchScreen.xib in Resources */ = {isa = PBXBuildFile; fileRef = 9137AC011ACB1F4A0002B1ED /* LaunchScreen.xib */; };
		9137AC0F1ACB1F4A0002B1ED /* Where_Am_ITests.m in Sources */ = {isa = PBXBuildFile; fileRef = 9137AC0E1ACB1F4A0002B1ED /* Where_Am_ITests.m */; };
		9137AC1A1ACB2FFA0002B1ED /* Budapest.gpx in Resources */ = {isa = PBXBuildFile; fileRef = 9137AC191ACB2FFA0002B1ED /* Budapest.gpx */; };
/* End PBXBuildFile section */

/* Begin PBXContainerItemProxy section */
		9137AC091ACB1F4A0002B1ED /* PBXContainerItemProxy */ = {
			isa = PBXContainerItemProxy;
			containerPortal = 9137ABE71ACB1F4A0002B1ED /* Project object */;
			proxyType = 1;
			remoteGlobalIDString = 9137ABEE1ACB1F4A0002B1ED;
			remoteInfo = "Where Am I";
		};
/* End PBXContainerItemProxy section */

/* Begin PBXFileReference section */
		9137ABEF1ACB1F4A0002B1ED /* Where Am I.app */ = {isa = PBXFileReference; explicitFileType = wrapper.application; includeInIndex = 0; path = "Where Am I.app"; sourceTree = BUILT_PRODUCTS_DIR; };
		9137ABF31ACB1F4A0002B1ED /* Info.plist */ = {isa = PBXFileReference; lastKnownFileType = text.plist.xml; path = Info.plist; sourceTree = "<group>"; };
		9137ABF41ACB1F4A0002B1ED /* main.m */ = {isa = PBXFileReference; lastKnownFileType = sourcecode.c.objc; path = main.m; sourceTree = "<group>"; };
		9137ABF61ACB1F4A0002B1ED /* AppDelegate.h */ = {isa = PBXFileReference; lastKnownFileType = sourcecode.c.h; path = AppDelegate.h; sourceTree = "<group>"; };
		9137ABF71ACB1F4A0002B1ED /* AppDelegate.m */ = {isa = PBXFileReference; lastKnownFileType = sourcecode.c.objc; path = AppDelegate.m; sourceTree = "<group>"; };
		9137ABF91ACB1F4A0002B1ED /* ViewController.h */ = {isa = PBXFileReference; lastKnownFileType = sourcecode.c.h; path = ViewController.h; sourceTree = "<group>"; };
		9137ABFA1ACB1F4A0002B1ED /* ViewController.m */ = {isa = PBXFileReference; lastKnownFileType = sourcecode.c.objc; path = ViewController.m; sourceTree = "<group>"; };
		9137ABFD1ACB1F4A0002B1ED /* Base */ = {isa = PBXFileReference; lastKnownFileType = file.storyboard; name = Base; path = Base.lproj/Main.storyboard; sourceTree = "<group>"; };
		9137ABFF1ACB1F4A0002B1ED /* Images.xcassets */ = {isa = PBXFileReference; lastKnownFileType = folder.assetcatalog; path = Images.xcassets; sourceTree = "<group>"; };
		9137AC021ACB1F4A0002B1ED /* Base */ = {isa = PBXFileReference; lastKnownFileType = file.xib; name = Base; path = Base.lproj/LaunchScreen.xib; sourceTree = "<group>"; };
		9137AC081ACB1F4A0002B1ED /* Where Am ITests.xctest */ = {isa = PBXFileReference; explicitFileType = wrapper.cfbundle; includeInIndex = 0; path = "Where Am ITests.xctest"; sourceTree = BUILT_PRODUCTS_DIR; };
		9137AC0D1ACB1F4A0002B1ED /* Info.plist */ = {isa = PBXFileReference; lastKnownFileType = text.plist.xml; path = Info.plist; sourceTree = "<group>"; };
		9137AC0E1ACB1F4A0002B1ED /* Where_Am_ITests.m */ = {isa = PBXFileReference; lastKnownFileType = sourcecode.c.objc; path = Where_Am_ITests.m; sourceTree = "<group>"; };
		9137AC181ACB2EEF0002B1ED /* Budapest.gpx */ = {isa = PBXFileReference; lastKnownFileType = text.xml; path = Budapest.gpx; sourceTree = "<group>"; };
		9137AC191ACB2FFA0002B1ED /* Budapest.gpx */ = {isa = PBXFileReference; fileEncoding = 4; lastKnownFileType = text.xml; name = Budapest.gpx; path = "Where Am I/Budapest.gpx"; sourceTree = "<group>"; };
/* End PBXFileReference section */

/* Begin PBXFrameworksBuildPhase section */
		9137ABEC1ACB1F4A0002B1ED /* Frameworks */ = {
			isa = PBXFrameworksBuildPhase;
			buildActionMask = 2147483647;
			files = (
			);
			runOnlyForDeploymentPostprocessing = 0;
		};
		9137AC051ACB1F4A0002B1ED /* Frameworks */ = {
			isa = PBXFrameworksBuildPhase;
			buildActionMask = 2147483647;
			files = (
			);
			runOnlyForDeploymentPostprocessing = 0;
		};
/* End PBXFrameworksBuildPhase section */

/* Begin PBXGroup section */
		9137ABE61ACB1F4A0002B1ED = {
			isa = PBXGroup;
			children = (
				9137AC191ACB2FFA0002B1ED /* Budapest.gpx */,
				9137ABF11ACB1F4A0002B1ED /* Where Am I */,
				9137AC0B1ACB1F4A0002B1ED /* Where Am ITests */,
				9137ABF01ACB1F4A0002B1ED /* Products */,
			);
			sourceTree = "<group>";
		};
		9137ABF01ACB1F4A0002B1ED /* Products */ = {
			isa = PBXGroup;
			children = (
				9137ABEF1ACB1F4A0002B1ED /* Where Am I.app */,
				9137AC081ACB1F4A0002B1ED /* Where Am ITests.xctest */,
			);
			name = Products;
			sourceTree = "<group>";
		};
		9137ABF11ACB1F4A0002B1ED /* Where Am I */ = {
			isa = PBXGroup;
			children = (
				9137ABF61ACB1F4A0002B1ED /* AppDelegate.h */,
				9137ABF71ACB1F4A0002B1ED /* AppDelegate.m */,
				9137ABF91ACB1F4A0002B1ED /* ViewController.h */,
				9137ABFA1ACB1F4A0002B1ED /* ViewController.m */,
				9137ABFC1ACB1F4A0002B1ED /* Main.storyboard */,
				9137ABFF1ACB1F4A0002B1ED /* Images.xcassets */,
				9137AC011ACB1F4A0002B1ED /* LaunchScreen.xib */,
				9137ABF21ACB1F4A0002B1ED /* Supporting Files */,
				9137AC181ACB2EEF0002B1ED /* Budapest.gpx */,
			);
			path = "Where Am I";
			sourceTree = "<group>";
		};
		9137ABF21ACB1F4A0002B1ED /* Supporting Files */ = {
			isa = PBXGroup;
			children = (
				9137ABF31ACB1F4A0002B1ED /* Info.plist */,
				9137ABF41ACB1F4A0002B1ED /* main.m */,
			);
			name = "Supporting Files";
			sourceTree = "<group>";
		};
		9137AC0B1ACB1F4A0002B1ED /* Where Am ITests */ = {
			isa = PBXGroup;
			children = (
				9137AC0E1ACB1F4A0002B1ED /* Where_Am_ITests.m */,
				9137AC0C1ACB1F4A0002B1ED /* Supporting Files */,
			);
			path = "Where Am ITests";
			sourceTree = "<group>";
		};
		9137AC0C1ACB1F4A0002B1ED /* Supporting Files */ = {
			isa = PBXGroup;
			children = (
				9137AC0D1ACB1F4A0002B1ED /* Info.plist */,
			);
			name = "Supporting Files";
			sourceTree = "<group>";
		};
/* End PBXGroup section */

/* Begin PBXNativeTarget section */
		9137ABEE1ACB1F4A0002B1ED /* Where Am I */ = {
			isa = PBXNativeTarget;
			buildConfigurationList = 9137AC121ACB1F4A0002B1ED /* Build configuration list for PBXNativeTarget "Where Am I" */;
			buildPhases = (
				9137ABEB1ACB1F4A0002B1ED /* Sources */,
				9137ABEC1ACB1F4A0002B1ED /* Frameworks */,
				9137ABED1ACB1F4A0002B1ED /* Resources */,
			);
			buildRules = (
			);
			dependencies = (
			);
			name = "Where Am I";
			productName = "Where Am I";
			productReference = 9137ABEF1ACB1F4A0002B1ED /* Where Am I.app */;
			productType = "com.apple.product-type.application";
		};
		9137AC071ACB1F4A0002B1ED /* Where Am ITests */ = {
			isa = PBXNativeTarget;
			buildConfigurationList = 9137AC151ACB1F4A0002B1ED /* Build configuration list for PBXNativeTarget "Where Am ITests" */;
			buildPhases = (
				9137AC041ACB1F4A0002B1ED /* Sources */,
				9137AC051ACB1F4A0002B1ED /* Frameworks */,
				9137AC061ACB1F4A0002B1ED /* Resources */,
			);
			buildRules = (
			);
			dependencies = (
				9137AC0A1ACB1F4A0002B1ED /* PBXTargetDependency */,
			);
			name = "Where Am ITests";
			productName = "Where Am ITests";
			productReference = 9137AC081ACB1F4A0002B1ED /* Where Am ITests.xctest */;
			productType = "com.apple.product-type.bundle.unit-test";
		};
/* End PBXNativeTarget section */

/* Begin PBXProject section */
		9137ABE71ACB1F4A0002B1ED /* Project object */ = {
			isa = PBXProject;
			attributes = {
				LastUpgradeCheck = 0620;
				ORGANIZATIONNAME = "Gawker Media";
				TargetAttributes = {
					9137ABEE1ACB1F4A0002B1ED = {
						CreatedOnToolsVersion = 6.2;
						DevelopmentTeam = 756RQ43UC8;
						SystemCapabilities = {
							com.apple.BackgroundModes = {
								enabled = 0;
							};
						};
					};
					9137AC071ACB1F4A0002B1ED = {
						CreatedOnToolsVersion = 6.2;
						TestTargetID = 9137ABEE1ACB1F4A0002B1ED;
					};
				};
			};
			buildConfigurationList = 9137ABEA1ACB1F4A0002B1ED /* Build configuration list for PBXProject "Where Am I" */;
			compatibilityVersion = "Xcode 3.2";
			developmentRegion = English;
			hasScannedForEncodings = 0;
			knownRegions = (
				en,
				Base,
			);
			mainGroup = 9137ABE61ACB1F4A0002B1ED;
			productRefGroup = 9137ABF01ACB1F4A0002B1ED /* Products */;
			projectDirPath = "";
			projectRoot = "";
			targets = (
				9137ABEE1ACB1F4A0002B1ED /* Where Am I */,
				9137AC071ACB1F4A0002B1ED /* Where Am ITests */,
			);
		};
/* End PBXProject section */

/* Begin PBXResourcesBuildPhase section */
		9137ABED1ACB1F4A0002B1ED /* Resources */ = {
			isa = PBXResourcesBuildPhase;
			buildActionMask = 2147483647;
			files = (
				9137ABFE1ACB1F4A0002B1ED /* Main.storyboard in Resources */,
				9137AC1A1ACB2FFA0002B1ED /* Budapest.gpx in Resources */,
				9137AC031ACB1F4A0002B1ED /* LaunchScreen.xib in Resources */,
				9137AC001ACB1F4A0002B1ED /* Images.xcassets in Resources */,
			);
			runOnlyForDeploymentPostprocessing = 0;
		};
		9137AC061ACB1F4A0002B1ED /* Resources */ = {
			isa = PBXResourcesBuildPhase;
			buildActionMask = 2147483647;
			files = (
			);
			runOnlyForDeploymentPostprocessing = 0;
		};
/* End PBXResourcesBuildPhase section */

/* Begin PBXSourcesBuildPhase section */
		9137ABEB1ACB1F4A0002B1ED /* Sources */ = {
			isa = PBXSourcesBuildPhase;
			buildActionMask = 2147483647;
			files = (
				9137ABFB1ACB1F4A0002B1ED /* ViewController.m in Sources */,
				9137ABF81ACB1F4A0002B1ED /* AppDelegate.m in Sources */,
				9137ABF51ACB1F4A0002B1ED /* main.m in Sources */,
			);
			runOnlyForDeploymentPostprocessing = 0;
		};
		9137AC041ACB1F4A0002B1ED /* Sources */ = {
			isa = PBXSourcesBuildPhase;
			buildActionMask = 2147483647;
			files = (
				9137AC0F1ACB1F4A0002B1ED /* Where_Am_ITests.m in Sources */,
			);
			runOnlyForDeploymentPostprocessing = 0;
		};
/* End PBXSourcesBuildPhase section */

/* Begin PBXTargetDependency section */
		9137AC0A1ACB1F4A0002B1ED /* PBXTargetDependency */ = {
			isa = PBXTargetDependency;
			target = 9137ABEE1ACB1F4A0002B1ED /* Where Am I */;
			targetProxy = 9137AC091ACB1F4A0002B1ED /* PBXContainerItemProxy */;
		};
/* End PBXTargetDependency section */

/* Begin PBXVariantGroup section */
		9137ABFC1ACB1F4A0002B1ED /* Main.storyboard */ = {
			isa = PBXVariantGroup;
			children = (
				9137ABFD1ACB1F4A0002B1ED /* Base */,
			);
			name = Main.storyboard;
			sourceTree = "<group>";
		};
		9137AC011ACB1F4A0002B1ED /* LaunchScreen.xib */ = {
			isa = PBXVariantGroup;
			children = (
				9137AC021ACB1F4A0002B1ED /* Base */,
			);
			name = LaunchScreen.xib;
			sourceTree = "<group>";
		};
/* End PBXVariantGroup section */

/* Begin XCBuildConfiguration section */
		9137AC101ACB1F4A0002B1ED /* Debug */ = {
			isa = XCBuildConfiguration;
			buildSettings = {
				ALWAYS_SEARCH_USER_PATHS = NO;
				CLANG_CXX_LANGUAGE_STANDARD = "gnu++0x";
				CLANG_CXX_LIBRARY = "libc++";
				CLANG_ENABLE_MODULES = YES;
				CLANG_ENABLE_OBJC_ARC = YES;
				CLANG_WARN_BOOL_CONVERSION = YES;
				CLANG_WARN_CONSTANT_CONVERSION = YES;
				CLANG_WARN_DIRECT_OBJC_ISA_USAGE = YES_ERROR;
				CLANG_WARN_EMPTY_BODY = YES;
				CLANG_WARN_ENUM_CONVERSION = YES;
				CLANG_WARN_INT_CONVERSION = YES;
				CLANG_WARN_OBJC_ROOT_CLASS = YES_ERROR;
				CLANG_WARN_UNREACHABLE_CODE = YES;
				CLANG_WARN__DUPLICATE_METHOD_MATCH = YES;
				"CODE_SIGN_IDENTITY[sdk=iphoneos*]" = "iPhone Developer";
				COPY_PHASE_STRIP = NO;
				ENABLE_STRICT_OBJC_MSGSEND = YES;
				GCC_C_LANGUAGE_STANDARD = gnu99;
				GCC_DYNAMIC_NO_PIC = NO;
				GCC_OPTIMIZATION_LEVEL = 0;
				GCC_PREPROCESSOR_DEFINITIONS = (
					"DEBUG=1",
					"$(inherited)",
				);
				GCC_SYMBOLS_PRIVATE_EXTERN = NO;
				GCC_WARN_64_TO_32_BIT_CONVERSION = YES;
				GCC_WARN_ABOUT_RETURN_TYPE = YES_ERROR;
				GCC_WARN_UNDECLARED_SELECTOR = YES;
				GCC_WARN_UNINITIALIZED_AUTOS = YES_AGGRESSIVE;
				GCC_WARN_UNUSED_FUNCTION = YES;
				GCC_WARN_UNUSED_VARIABLE = YES;
				IPHONEOS_DEPLOYMENT_TARGET = 8.2;
				MTL_ENABLE_DEBUG_INFO = YES;
				ONLY_ACTIVE_ARCH = YES;
				SDKROOT = iphoneos;
				TARGETED_DEVICE_FAMILY = "1,2";
			};
			name = Debug;
		};
		9137AC111ACB1F4A0002B1ED /* Release */ = {
			isa = XCBuildConfiguration;
			buildSettings = {
				ALWAYS_SEARCH_USER_PATHS = NO;
				CLANG_CXX_LANGUAGE_STANDARD = "gnu++0x";
				CLANG_CXX_LIBRARY = "libc++";
				CLANG_ENABLE_MODULES = YES;
				CLANG_ENABLE_OBJC_ARC = YES;
				CLANG_WARN_BOOL_CONVERSION = YES;
				CLANG_WARN_CONSTANT_CONVERSION = YES;
				CLANG_WARN_DIRECT_OBJC_ISA_USAGE = YES_ERROR;
				CLANG_WARN_EMPTY_BODY = YES;
				CLANG_WARN_ENUM_CONVERSION = YES;
				CLANG_WARN_INT_CONVERSION = YES;
				CLANG_WARN_OBJC_ROOT_CLASS = YES_ERROR;
				CLANG_WARN_UNREACHABLE_CODE = YES;
				CLANG_WARN__DUPLICATE_METHOD_MATCH = YES;
				"CODE_SIGN_IDENTITY[sdk=iphoneos*]" = "iPhone Developer";
				COPY_PHASE_STRIP = NO;
				ENABLE_NS_ASSERTIONS = NO;
				ENABLE_STRICT_OBJC_MSGSEND = YES;
				GCC_C_LANGUAGE_STANDARD = gnu99;
				GCC_WARN_64_TO_32_BIT_CONVERSION = YES;
				GCC_WARN_ABOUT_RETURN_TYPE = YES_ERROR;
				GCC_WARN_UNDECLARED_SELECTOR = YES;
				GCC_WARN_UNINITIALIZED_AUTOS = YES_AGGRESSIVE;
				GCC_WARN_UNUSED_FUNCTION = YES;
				GCC_WARN_UNUSED_VARIABLE = YES;
				IPHONEOS_DEPLOYMENT_TARGET = 8.2;
				MTL_ENABLE_DEBUG_INFO = NO;
				SDKROOT = iphoneos;
				TARGETED_DEVICE_FAMILY = "1,2";
				VALIDATE_PRODUCT = YES;
			};
			name = Release;
		};
		9137AC131ACB1F4A0002B1ED /* Debug */ = {
			isa = XCBuildConfiguration;
			buildSettings = {
				ASSETCATALOG_COMPILER_APPICON_NAME = AppIcon;
				CODE_SIGN_IDENTITY = "iPhone Developer";
				INFOPLIST_FILE = "Where Am I/Info.plist";
				LD_RUNPATH_SEARCH_PATHS = "$(inherited) @executable_path/Frameworks";
				PRODUCT_NAME = "$(TARGET_NAME)";
			};
			name = Debug;
		};
		9137AC141ACB1F4A0002B1ED /* Release */ = {
			isa = XCBuildConfiguration;
			buildSettings = {
				ASSETCATALOG_COMPILER_APPICON_NAME = AppIcon;
				CODE_SIGN_IDENTITY = "iPhone Developer";
				INFOPLIST_FILE = "Where Am I/Info.plist";
				LD_RUNPATH_SEARCH_PATHS = "$(inherited) @executable_path/Frameworks";
				PRODUCT_NAME = "$(TARGET_NAME)";
			};
			name = Release;
		};
		9137AC161ACB1F4A0002B1ED /* Debug */ = {
			isa = XCBuildConfiguration;
			buildSettings = {
				BUNDLE_LOADER = "$(TEST_HOST)";
				FRAMEWORK_SEARCH_PATHS = (
					"$(SDKROOT)/Developer/Library/Frameworks",
					"$(inherited)",
				);
				GCC_PREPROCESSOR_DEFINITIONS = (
					"DEBUG=1",
					"$(inherited)",
				);
				INFOPLIST_FILE = "Where Am ITests/Info.plist";
				LD_RUNPATH_SEARCH_PATHS = "$(inherited) @executable_path/Frameworks @loader_path/Frameworks";
				PRODUCT_NAME = "$(TARGET_NAME)";
				TEST_HOST = "$(BUILT_PRODUCTS_DIR)/Where Am I.app/Where Am I";
			};
			name = Debug;
		};
		9137AC171ACB1F4A0002B1ED /* Release */ = {
			isa = XCBuildConfiguration;
			buildSettings = {
				BUNDLE_LOADER = "$(TEST_HOST)";
				FRAMEWORK_SEARCH_PATHS = (
					"$(SDKROOT)/Developer/Library/Frameworks",
					"$(inherited)",
				);
				INFOPLIST_FILE = "Where Am ITests/Info.plist";
				LD_RUNPATH_SEARCH_PATHS = "$(inherited) @executable_path/Frameworks @loader_path/Frameworks";
				PRODUCT_NAME = "$(TARGET_NAME)";
				TEST_HOST = "$(BUILT_PRODUCTS_DIR)/Where Am I.app/Where Am I";
			};
			name = Release;
		};
/* End XCBuildConfiguration section */

/* Begin XCConfigurationList section */
		9137ABEA1ACB1F4A0002B1ED /* Build configuration list for PBXProject "Where Am I" */ = {
			isa = XCConfigurationList;
			buildConfigurations = (
				9137AC101ACB1F4A0002B1ED /* Debug */,
				9137AC111ACB1F4A0002B1ED /* Release */,
			);
			defaultConfigurationIsVisible = 0;
			defaultConfigurationName = Release;
		};
		9137AC121ACB1F4A0002B1ED /* Build configuration list for PBXNativeTarget "Where Am I" */ = {
			isa = XCConfigurationList;
			buildConfigurations = (
				9137AC131ACB1F4A0002B1ED /* Debug */,
				9137AC141ACB1F4A0002B1ED /* Release */,
			);
			defaultConfigurationIsVisible = 0;
		};
		9137AC151ACB1F4A0002B1ED /* Build configuration list for PBXNativeTarget "Where Am ITests" */ = {
			isa = XCConfigurationList;
			buildConfigurations = (
				9137AC161ACB1F4A0002B1ED /* Debug */,
				9137AC171ACB1F4A0002B1ED /* Release */,
			);
			defaultConfigurationIsVisible = 0;
		};
/* End XCConfigurationList section */
	};
	rootObject = 9137ABE71ACB1F4A0002B1ED /* Project object */;
}
